
Microsoft Visual Studio Solution File, Format Version 12.00
# Visual Studio Version 17
VisualStudioVersion = 17.0.31903.59
MinimumVisualStudioVersion = 10.0.40219.1
Project("{FAE04EC0-301F-11D3-BF4B-00C04F79EFBC}") = "Services.IdentityService", "Services.IdentityService\Services.IdentityService.csproj", "{CFDE76F5-4797-4CE9-A174-F2806FF24335}"
EndProject
Project("{FAE04EC0-301F-11D3-BF4B-00C04F79EFBC}") = "Services.CatalogService", "Services.CatalogService\Services.CatalogService.csproj", "{7E393EF3-EC09-4203-9A12-E156905FD415}"
EndProject
Project("{FAE04EC0-301F-11D3-BF4B-00C04F79EFBC}") = "Services.OrderService", "Services.OrderService\Services.OrderService.csproj", "{1DE463BD-49D9-47C5-AF00-862692604A10}"
EndProject
Project("{FAE04EC0-301F-11D3-BF4B-00C04F79EFBC}") = "ApiGateway", "ApiGateway\ApiGateway.csproj", "{BD7B94C8-EBF3-4686-8453-E07EA2668556}"
EndProject
Project("{2150E333-8FDC-42A3-9474-1A3956D46DE8}") = "BuildingBlocks", "BuildingBlocks", "{BF468880-13E4-4A48-A6CA-CCCCC78406A9}"
EndProject
Project("{FAE04EC0-301F-11D3-BF4B-00C04F79EFBC}") = "BuildingBlocks.Contracts", "BuildingBlocks\Contracts\BuildingBlocks.Contracts.csproj", "{4533C59C-CC50-4663-9502-543C7704B1DF}"
EndProject
Project("{FAE04EC0-301F-11D3-BF4B-00C04F79EFBC}") = "Services.PaymentService", "Services.PaymentService\Services.PaymentService.csproj", "{EEDB0A2F-28E3-401B-BAD9-5FC0F840B98B}"
EndProject
Global
	GlobalSection(SolutionConfigurationPlatforms) = preSolution
		Debug|Any CPU = Debug|Any CPU
		Release|Any CPU = Release|Any CPU
	EndGlobalSection
	GlobalSection(SolutionProperties) = preSolution
		HideSolutionNode = FALSE
	EndGlobalSection
	GlobalSection(ProjectConfigurationPlatforms) = postSolution
		{CFDE76F5-4797-4CE9-A174-F2806FF24335}.Debug|Any CPU.ActiveCfg = Debug|Any CPU
		{CFDE76F5-4797-4CE9-A174-F2806FF24335}.Debug|Any CPU.Build.0 = Debug|Any CPU
		{CFDE76F5-4797-4CE9-A174-F2806FF24335}.Release|Any CPU.ActiveCfg = Release|Any CPU
		{CFDE76F5-4797-4CE9-A174-F2806FF24335}.Release|Any CPU.Build.0 = Release|Any CPU
		{7E393EF3-EC09-4203-9A12-E156905FD415}.Debug|Any CPU.ActiveCfg = Debug|Any CPU
		{7E393EF3-EC09-4203-9A12-E156905FD415}.Debug|Any CPU.Build.0 = Debug|Any CPU
		{7E393EF3-EC09-4203-9A12-E156905FD415}.Release|Any CPU.ActiveCfg = Release|Any CPU
		{7E393EF3-EC09-4203-9A12-E156905FD415}.Release|Any CPU.Build.0 = Release|Any CPU
		{1DE463BD-49D9-47C5-AF00-862692604A10}.Debug|Any CPU.ActiveCfg = Debug|Any CPU
		{1DE463BD-49D9-47C5-AF00-862692604A10}.Debug|Any CPU.Build.0 = Debug|Any CPU
		{1DE463BD-49D9-47C5-AF00-862692604A10}.Release|Any CPU.ActiveCfg = Release|Any CPU
		{1DE463BD-49D9-47C5-AF00-862692604A10}.Release|Any CPU.Build.0 = Release|Any CPU
		{BD7B94C8-EBF3-4686-8453-E07EA2668556}.Debug|Any CPU.ActiveCfg = Debug|Any CPU
		{BD7B94C8-EBF3-4686-8453-E07EA2668556}.Debug|Any CPU.Build.0 = Debug|Any CPU
		{BD7B94C8-EBF3-4686-8453-E07EA2668556}.Release|Any CPU.ActiveCfg = Release|Any CPU
		{BD7B94C8-EBF3-4686-8453-E07EA2668556}.Release|Any CPU.Build.0 = Release|Any CPU
		{4533C59C-CC50-4663-9502-543C7704B1DF}.Debug|Any CPU.ActiveCfg = Debug|Any CPU
		{4533C59C-CC50-4663-9502-543C7704B1DF}.Debug|Any CPU.Build.0 = Debug|Any CPU
		{4533C59C-CC50-4663-9502-543C7704B1DF}.Release|Any CPU.ActiveCfg = Release|Any CPU
		{4533C59C-CC50-4663-9502-543C7704B1DF}.Release|Any CPU.Build.0 = Release|Any CPU
		{EEDB0A2F-28E3-401B-BAD9-5FC0F840B98B}.Debug|Any CPU.ActiveCfg = Debug|Any CPU
		{EEDB0A2F-28E3-401B-BAD9-5FC0F840B98B}.Debug|Any CPU.Build.0 = Debug|Any CPU
		{EEDB0A2F-28E3-401B-BAD9-5FC0F840B98B}.Release|Any CPU.ActiveCfg = Release|Any CPU
		{EEDB0A2F-28E3-401B-BAD9-5FC0F840B98B}.Release|Any CPU.Build.0 = Release|Any CPU
	EndGlobalSection
	GlobalSection(NestedProjects) = preSolution
		{4533C59C-CC50-4663-9502-543C7704B1DF} = {BF468880-13E4-4A48-A6CA-CCCCC78406A9}
	EndGlobalSection
EndGlobal
