
Microsoft Visual Studio Solution File, Format Version 12.00
# Visual Studio Version 17
VisualStudioVersion = 17.0.31903.59
MinimumVisualStudioVersion = 10.0.40219.1
Project("{9A19103F-16F7-4668-BE54-9A1E7A4F7556}") = "Services.IdentityService", "Services.IdentityService\Services.IdentityService.csproj", "{CFDE76F5-4797-4CE9-A174-F2806FF24335}"
EndProject
Project("{9A19103F-16F7-4668-BE54-9A1E7A4F7556}") = "Services.CatalogService", "Services.CatalogService\Services.CatalogService.csproj", "{7E393EF3-EC09-4203-9A12-E156905FD415}"
EndProject
Project("{9A19103F-16F7-4668-BE54-9A1E7A4F7556}") = "ApiGateway", "ApiGateway\ApiGateway.csproj", "{BD7B94C8-EBF3-4686-8453-E07EA2668556}"
EndProject
Project("{2150E333-8FDC-42A3-9474-1A3956D46DE8}") = "BuildingBlocks", "BuildingBlocks", "{BF468880-13E4-4A48-A6CA-CCCCC78406A9}"
EndProject
Project("{9A19103F-16F7-4668-BE54-9A1E7A4F7556}") = "BuildingBlocks.Contracts", "BuildingBlocks\Contracts\BuildingBlocks.Contracts.csproj", "{4533C59C-CC50-4663-9502-543C7704B1DF}"
EndProject
Project("{2150E333-8FDC-42A3-9474-1A3956D46DE8}") = "Services.OrderService", "Services.OrderService", "{8A80B4EF-723E-4035-9606-CDB8736B51B7}"
EndProject
Project("{9A19103F-16F7-4668-BE54-9A1E7A4F7556}") = "Services.OrderService.API", "Services.OrderService\Services.OrderService.API\Services.OrderService.API.csproj", "{D8BE82B3-298C-4523-A605-AD9AC445B6BE}"
EndProject
Project("{9A19103F-16F7-4668-BE54-9A1E7A4F7556}") = "Services.OrderService.Application", "Services.OrderService\Services.OrderService.Application\Services.OrderService.Application.csproj", "{7B1C7C1B-E5C3-4ED1-8E3F-7D618D96D36C}"
EndProject
Project("{9A19103F-16F7-4668-BE54-9A1E7A4F7556}") = "Services.OrderService.Domain", "Services.OrderService\Services.OrderService.Domain\Services.OrderService.Domain.csproj", "{F7C3EF75-0D71-4381-B5D3-740BB6C27FCB}"
EndProject
Project("{9A19103F-16F7-4668-BE54-9A1E7A4F7556}") = "Services.OrderService.Infrastructure", "Services.OrderService\Services.OrderService.Infrastructure\Services.OrderService.Infrastructure.csproj", "{7A219E69-518E-4820-A0EB-EE5A2FF61D4C}"
EndProject
Project("{2150E333-8FDC-42A3-9474-1A3956D46DE8}") = "Services.InventoryService", "Services.InventoryService", "{D461B522-3DF0-4298-A996-644053FE5D05}"
EndProject
Project("{9A19103F-16F7-4668-BE54-9A1E7A4F7556}") = "Services.InventoryService.API", "Services.InventoryService\Services.InventoryService.API\Services.InventoryService.API.csproj", "{CF0A55C8-5074-4E72-918A-ACA30318B5CB}"
EndProject
Project("{9A19103F-16F7-4668-BE54-9A1E7A4F7556}") = "Services.InventoryService.Application", "Services.InventoryService\Services.InventoryService.Application\Services.InventoryService.Application.csproj", "{8F81473D-2BA9-43CF-AF4A-0303BF3C2E6A}"
EndProject
Project("{9A19103F-16F7-4668-BE54-9A1E7A4F7556}") = "Services.InventoryService.Domain", "Services.InventoryService\Services.InventoryService.Domain\Services.InventoryService.Domain.csproj", "{9664DF7D-EB18-4C87-A195-CF22EBDBD1EB}"
EndProject
Project("{9A19103F-16F7-4668-BE54-9A1E7A4F7556}") = "Services.InventoryService.Infrastructure", "Services.InventoryService\Services.InventoryService.Infrastructure\Services.InventoryService.Infrastructure.csproj", "{768DAF81-3A41-43EC-8674-6697AE22D42E}"
EndProject
Project("{2150E333-8FDC-42A3-9474-1A3956D46DE8}") = "Services.PaymentService", "Services.PaymentService", "{0034C0AE-2CF8-474D-A904-4A257F0B18A7}"
EndProject
Project("{9A19103F-16F7-4668-BE54-9A1E7A4F7556}") = "Services.PaymentService.API", "Services.PaymentService\Services.PaymentService.API\Services.PaymentService.API.csproj", "{B8420086-692D-40D5-BB5A-D8F6B7135044}"
EndProject
Project("{9A19103F-16F7-4668-BE54-9A1E7A4F7556}") = "Services.PaymentService.Domain", "Services.PaymentService\Services.PaymentService.Domain\Services.PaymentService.Domain.csproj", "{AC7164BF-8508-4559-8386-DF3971506C27}"
EndProject
Project("{9A19103F-16F7-4668-BE54-9A1E7A4F7556}") = "Services.PaymentService.Infrastructure", "Services.PaymentService\Services.PaymentService.Infrastructure\Services.PaymentService.Infrastructure.csproj", "{516DABA7-0F03-44DE-9161-FC3A4ACFC10B}"
EndProject
Project("{9A19103F-16F7-4668-BE54-9A1E7A4F7556}") = "Services.PaymentService.Application", "Services.PaymentService\Services.PaymentService.Application\Services.PaymentService.Application.csproj", "{8246CD2A-2F22-461C-9097-7EE536F24B85}"
EndProject
Project("{2150E333-8FDC-42A3-9474-1A3956D46DE8}") = "Services.BasketService", "Services.BasketService", "{4906A9BC-5C3C-46A7-92D6-093B6979E04E}"
EndProject
Project("{9A19103F-16F7-4668-BE54-9A1E7A4F7556}") = "Services.BasketService.API", "Services.BasketService\Services.BasketService.API\Services.BasketService.API.csproj", "{6C016301-7EA5-4B91-96BF-80FBC11145EB}"
EndProject
Project("{9A19103F-16F7-4668-BE54-9A1E7A4F7556}") = "Services.BasketService.Application", "Services.BasketService\Services.BasketService.Application\Services.BasketService.Application.csproj", "{A36584D6-0977-49D3-A00F-822D8751FC77}"
EndProject
Project("{9A19103F-16F7-4668-BE54-9A1E7A4F7556}") = "Services.BasketService.Infrastructure", "Services.BasketService\Services.BasketService.Infrastructure\Services.BasketService.Infrastructure.csproj", "{FBB5F0E1-4BB4-4F01-827B-18CF7D81E738}"
EndProject
Project("{9A19103F-16F7-4668-BE54-9A1E7A4F7556}") = "BuildingBlocks.GrpcContracts", "BuildingBlocks.GrpcContracts\BuildingBlocks.GrpcContracts.csproj", "{B071B590-9C18-4017-8295-74E836B73D5F}"
EndProject
Project("{FAE04EC0-301F-11D3-BF4B-00C04F79EFBC}") = "BuildingBlocks.Infrastucture", "BuildingBlocks.Infrastucture\BuildingBlocks.Infrastucture.csproj", "{4AD5A167-42E4-4329-910D-195F1527D97D}"
EndProject
Global
	GlobalSection(SolutionConfigurationPlatforms) = preSolution
		Debug|Any CPU = Debug|Any CPU
		Release|Any CPU = Release|Any CPU
	EndGlobalSection
	GlobalSection(ProjectConfigurationPlatforms) = postSolution
		{CFDE76F5-4797-4CE9-A174-F2806FF24335}.Debug|Any CPU.ActiveCfg = Debug|Any CPU
		{CFDE76F5-4797-4CE9-A174-F2806FF24335}.Debug|Any CPU.Build.0 = Debug|Any CPU
		{CFDE76F5-4797-4CE9-A174-F2806FF24335}.Release|Any CPU.ActiveCfg = Release|Any CPU
		{CFDE76F5-4797-4CE9-A174-F2806FF24335}.Release|Any CPU.Build.0 = Release|Any CPU
		{7E393EF3-EC09-4203-9A12-E156905FD415}.Debug|Any CPU.ActiveCfg = Debug|Any CPU
		{7E393EF3-EC09-4203-9A12-E156905FD415}.Debug|Any CPU.Build.0 = Debug|Any CPU
		{7E393EF3-EC09-4203-9A12-E156905FD415}.Release|Any CPU.ActiveCfg = Release|Any CPU
		{7E393EF3-EC09-4203-9A12-E156905FD415}.Release|Any CPU.Build.0 = Release|Any CPU
		{BD7B94C8-EBF3-4686-8453-E07EA2668556}.Debug|Any CPU.ActiveCfg = Debug|Any CPU
		{BD7B94C8-EBF3-4686-8453-E07EA2668556}.Debug|Any CPU.Build.0 = Debug|Any CPU
		{BD7B94C8-EBF3-4686-8453-E07EA2668556}.Release|Any CPU.ActiveCfg = Release|Any CPU
		{BD7B94C8-EBF3-4686-8453-E07EA2668556}.Release|Any CPU.Build.0 = Release|Any CPU
		{4533C59C-CC50-4663-9502-543C7704B1DF}.Debug|Any CPU.ActiveCfg = Debug|Any CPU
		{4533C59C-CC50-4663-9502-543C7704B1DF}.Debug|Any CPU.Build.0 = Debug|Any CPU
		{4533C59C-CC50-4663-9502-543C7704B1DF}.Release|Any CPU.ActiveCfg = Release|Any CPU
		{4533C59C-CC50-4663-9502-543C7704B1DF}.Release|Any CPU.Build.0 = Release|Any CPU
		{D8BE82B3-298C-4523-A605-AD9AC445B6BE}.Debug|Any CPU.ActiveCfg = Debug|Any CPU
		{D8BE82B3-298C-4523-A605-AD9AC445B6BE}.Debug|Any CPU.Build.0 = Debug|Any CPU
		{D8BE82B3-298C-4523-A605-AD9AC445B6BE}.Release|Any CPU.ActiveCfg = Release|Any CPU
		{D8BE82B3-298C-4523-A605-AD9AC445B6BE}.Release|Any CPU.Build.0 = Release|Any CPU
		{7B1C7C1B-E5C3-4ED1-8E3F-7D618D96D36C}.Debug|Any CPU.ActiveCfg = Debug|Any CPU
		{7B1C7C1B-E5C3-4ED1-8E3F-7D618D96D36C}.Debug|Any CPU.Build.0 = Debug|Any CPU
		{7B1C7C1B-E5C3-4ED1-8E3F-7D618D96D36C}.Release|Any CPU.ActiveCfg = Release|Any CPU
		{7B1C7C1B-E5C3-4ED1-8E3F-7D618D96D36C}.Release|Any CPU.Build.0 = Release|Any CPU
		{F7C3EF75-0D71-4381-B5D3-740BB6C27FCB}.Debug|Any CPU.ActiveCfg = Debug|Any CPU
		{F7C3EF75-0D71-4381-B5D3-740BB6C27FCB}.Debug|Any CPU.Build.0 = Debug|Any CPU
		{F7C3EF75-0D71-4381-B5D3-740BB6C27FCB}.Release|Any CPU.ActiveCfg = Release|Any CPU
		{F7C3EF75-0D71-4381-B5D3-740BB6C27FCB}.Release|Any CPU.Build.0 = Release|Any CPU
		{7A219E69-518E-4820-A0EB-EE5A2FF61D4C}.Debug|Any CPU.ActiveCfg = Debug|Any CPU
		{7A219E69-518E-4820-A0EB-EE5A2FF61D4C}.Debug|Any CPU.Build.0 = Debug|Any CPU
		{7A219E69-518E-4820-A0EB-EE5A2FF61D4C}.Release|Any CPU.ActiveCfg = Release|Any CPU
		{7A219E69-518E-4820-A0EB-EE5A2FF61D4C}.Release|Any CPU.Build.0 = Release|Any CPU
		{CF0A55C8-5074-4E72-918A-ACA30318B5CB}.Debug|Any CPU.ActiveCfg = Debug|Any CPU
		{CF0A55C8-5074-4E72-918A-ACA30318B5CB}.Debug|Any CPU.Build.0 = Debug|Any CPU
		{CF0A55C8-5074-4E72-918A-ACA30318B5CB}.Release|Any CPU.ActiveCfg = Release|Any CPU
		{CF0A55C8-5074-4E72-918A-ACA30318B5CB}.Release|Any CPU.Build.0 = Release|Any CPU
		{8F81473D-2BA9-43CF-AF4A-0303BF3C2E6A}.Debug|Any CPU.ActiveCfg = Debug|Any CPU
		{8F81473D-2BA9-43CF-AF4A-0303BF3C2E6A}.Debug|Any CPU.Build.0 = Debug|Any CPU
		{8F81473D-2BA9-43CF-AF4A-0303BF3C2E6A}.Release|Any CPU.ActiveCfg = Release|Any CPU
		{8F81473D-2BA9-43CF-AF4A-0303BF3C2E6A}.Release|Any CPU.Build.0 = Release|Any CPU
		{9664DF7D-EB18-4C87-A195-CF22EBDBD1EB}.Debug|Any CPU.ActiveCfg = Debug|Any CPU
		{9664DF7D-EB18-4C87-A195-CF22EBDBD1EB}.Debug|Any CPU.Build.0 = Debug|Any CPU
		{9664DF7D-EB18-4C87-A195-CF22EBDBD1EB}.Release|Any CPU.ActiveCfg = Release|Any CPU
		{9664DF7D-EB18-4C87-A195-CF22EBDBD1EB}.Release|Any CPU.Build.0 = Release|Any CPU
		{768DAF81-3A41-43EC-8674-6697AE22D42E}.Debug|Any CPU.ActiveCfg = Debug|Any CPU
		{768DAF81-3A41-43EC-8674-6697AE22D42E}.Debug|Any CPU.Build.0 = Debug|Any CPU
		{768DAF81-3A41-43EC-8674-6697AE22D42E}.Release|Any CPU.ActiveCfg = Release|Any CPU
		{768DAF81-3A41-43EC-8674-6697AE22D42E}.Release|Any CPU.Build.0 = Release|Any CPU
		{B8420086-692D-40D5-BB5A-D8F6B7135044}.Debug|Any CPU.ActiveCfg = Debug|Any CPU
		{B8420086-692D-40D5-BB5A-D8F6B7135044}.Debug|Any CPU.Build.0 = Debug|Any CPU
		{B8420086-692D-40D5-BB5A-D8F6B7135044}.Release|Any CPU.ActiveCfg = Release|Any CPU
		{B8420086-692D-40D5-BB5A-D8F6B7135044}.Release|Any CPU.Build.0 = Release|Any CPU
		{AC7164BF-8508-4559-8386-DF3971506C27}.Debug|Any CPU.ActiveCfg = Debug|Any CPU
		{AC7164BF-8508-4559-8386-DF3971506C27}.Debug|Any CPU.Build.0 = Debug|Any CPU
		{AC7164BF-8508-4559-8386-DF3971506C27}.Release|Any CPU.ActiveCfg = Release|Any CPU
		{AC7164BF-8508-4559-8386-DF3971506C27}.Release|Any CPU.Build.0 = Release|Any CPU
		{516DABA7-0F03-44DE-9161-FC3A4ACFC10B}.Debug|Any CPU.ActiveCfg = Debug|Any CPU
		{516DABA7-0F03-44DE-9161-FC3A4ACFC10B}.Debug|Any CPU.Build.0 = Debug|Any CPU
		{516DABA7-0F03-44DE-9161-FC3A4ACFC10B}.Release|Any CPU.ActiveCfg = Release|Any CPU
		{516DABA7-0F03-44DE-9161-FC3A4ACFC10B}.Release|Any CPU.Build.0 = Release|Any CPU
		{8246CD2A-2F22-461C-9097-7EE536F24B85}.Debug|Any CPU.ActiveCfg = Debug|Any CPU
		{8246CD2A-2F22-461C-9097-7EE536F24B85}.Debug|Any CPU.Build.0 = Debug|Any CPU
		{8246CD2A-2F22-461C-9097-7EE536F24B85}.Release|Any CPU.ActiveCfg = Release|Any CPU
		{8246CD2A-2F22-461C-9097-7EE536F24B85}.Release|Any CPU.Build.0 = Release|Any CPU
		{6C016301-7EA5-4B91-96BF-80FBC11145EB}.Debug|Any CPU.ActiveCfg = Debug|Any CPU
		{6C016301-7EA5-4B91-96BF-80FBC11145EB}.Debug|Any CPU.Build.0 = Debug|Any CPU
		{6C016301-7EA5-4B91-96BF-80FBC11145EB}.Release|Any CPU.ActiveCfg = Release|Any CPU
		{6C016301-7EA5-4B91-96BF-80FBC11145EB}.Release|Any CPU.Build.0 = Release|Any CPU
		{A36584D6-0977-49D3-A00F-822D8751FC77}.Debug|Any CPU.ActiveCfg = Debug|Any CPU
		{A36584D6-0977-49D3-A00F-822D8751FC77}.Debug|Any CPU.Build.0 = Debug|Any CPU
		{A36584D6-0977-49D3-A00F-822D8751FC77}.Release|Any CPU.ActiveCfg = Release|Any CPU
		{A36584D6-0977-49D3-A00F-822D8751FC77}.Release|Any CPU.Build.0 = Release|Any CPU
		{FBB5F0E1-4BB4-4F01-827B-18CF7D81E738}.Debug|Any CPU.ActiveCfg = Debug|Any CPU
		{FBB5F0E1-4BB4-4F01-827B-18CF7D81E738}.Debug|Any CPU.Build.0 = Debug|Any CPU
		{FBB5F0E1-4BB4-4F01-827B-18CF7D81E738}.Release|Any CPU.ActiveCfg = Release|Any CPU
		{FBB5F0E1-4BB4-4F01-827B-18CF7D81E738}.Release|Any CPU.Build.0 = Release|Any CPU
		{B071B590-9C18-4017-8295-74E836B73D5F}.Debug|Any CPU.ActiveCfg = Debug|Any CPU
		{B071B590-9C18-4017-8295-74E836B73D5F}.Debug|Any CPU.Build.0 = Debug|Any CPU
		{B071B590-9C18-4017-8295-74E836B73D5F}.Release|Any CPU.ActiveCfg = Release|Any CPU
		{B071B590-9C18-4017-8295-74E836B73D5F}.Release|Any CPU.Build.0 = Release|Any CPU
		{4AD5A167-42E4-4329-910D-195F1527D97D}.Debug|Any CPU.ActiveCfg = Debug|Any CPU
		{4AD5A167-42E4-4329-910D-195F1527D97D}.Debug|Any CPU.Build.0 = Debug|Any CPU
		{4AD5A167-42E4-4329-910D-195F1527D97D}.Release|Any CPU.ActiveCfg = Release|Any CPU
		{4AD5A167-42E4-4329-910D-195F1527D97D}.Release|Any CPU.Build.0 = Release|Any CPU
	EndGlobalSection
	GlobalSection(SolutionProperties) = preSolution
		HideSolutionNode = FALSE
	EndGlobalSection
	GlobalSection(NestedProjects) = preSolution
		{4533C59C-CC50-4663-9502-543C7704B1DF} = {BF468880-13E4-4A48-A6CA-CCCCC78406A9}
		{D8BE82B3-298C-4523-A605-AD9AC445B6BE} = {8A80B4EF-723E-4035-9606-CDB8736B51B7}
		{7B1C7C1B-E5C3-4ED1-8E3F-7D618D96D36C} = {8A80B4EF-723E-4035-9606-CDB8736B51B7}
		{F7C3EF75-0D71-4381-B5D3-740BB6C27FCB} = {8A80B4EF-723E-4035-9606-CDB8736B51B7}
		{7A219E69-518E-4820-A0EB-EE5A2FF61D4C} = {8A80B4EF-723E-4035-9606-CDB8736B51B7}
		{CF0A55C8-5074-4E72-918A-ACA30318B5CB} = {D461B522-3DF0-4298-A996-644053FE5D05}
		{8F81473D-2BA9-43CF-AF4A-0303BF3C2E6A} = {D461B522-3DF0-4298-A996-644053FE5D05}
		{9664DF7D-EB18-4C87-A195-CF22EBDBD1EB} = {D461B522-3DF0-4298-A996-644053FE5D05}
		{768DAF81-3A41-43EC-8674-6697AE22D42E} = {D461B522-3DF0-4298-A996-644053FE5D05}
		{B8420086-692D-40D5-BB5A-D8F6B7135044} = {0034C0AE-2CF8-474D-A904-4A257F0B18A7}
		{AC7164BF-8508-4559-8386-DF3971506C27} = {0034C0AE-2CF8-474D-A904-4A257F0B18A7}
		{516DABA7-0F03-44DE-9161-FC3A4ACFC10B} = {0034C0AE-2CF8-474D-A904-4A257F0B18A7}
		{8246CD2A-2F22-461C-9097-7EE536F24B85} = {0034C0AE-2CF8-474D-A904-4A257F0B18A7}
		{6C016301-7EA5-4B91-96BF-80FBC11145EB} = {4906A9BC-5C3C-46A7-92D6-093B6979E04E}
		{A36584D6-0977-49D3-A00F-822D8751FC77} = {4906A9BC-5C3C-46A7-92D6-093B6979E04E}
		{FBB5F0E1-4BB4-4F01-827B-18CF7D81E738} = {4906A9BC-5C3C-46A7-92D6-093B6979E04E}
		{B071B590-9C18-4017-8295-74E836B73D5F} = {BF468880-13E4-4A48-A6CA-CCCCC78406A9}
		{4AD5A167-42E4-4329-910D-195F1527D97D} = {BF468880-13E4-4A48-A6CA-CCCCC78406A9}
	EndGlobalSection
	GlobalSection(ExtensibilityGlobals) = postSolution
		SolutionGuid = {0296B758-7687-493F-A506-BF5AF665243F}
	EndGlobalSection
EndGlobal
